
Microsoft Visual Studio Solution File, Format Version 12.00
# Visual Studio Version 17
VisualStudioVersion = 17.14.36603.0 d17.14
MinimumVisualStudioVersion = 10.0.40219.1
Project("{FAE04EC0-301F-11D3-BF4B-00C04F79EFBC}") = "JChadwellEmailFnApp", "JChadwellEmailFnApp\JChadwellEmailFnApp.csproj", "{28CB9C53-65C4-4377-A751-4EFBCC1DFBBC}"
EndProject
Global
	GlobalSection(SolutionConfigurationPlatforms) = preSolution
		Debug|Any CPU = Debug|Any CPU
		Release|Any CPU = Release|Any CPU
	EndGlobalSection
	GlobalSection(ProjectConfigurationPlatforms) = postSolution
		{28CB9C53-65C4-4377-A751-4EFBCC1DFBBC}.Debug|Any CPU.ActiveCfg = Debug|Any CPU
		{28CB9C53-65C4-4377-A751-4EFBCC1DFBBC}.Debug|Any CPU.Build.0 = Debug|Any CPU
		{28CB9C53-65C4-4377-A751-4EFBCC1DFBBC}.Release|Any CPU.ActiveCfg = Release|Any CPU
		{28CB9C53-65C4-4377-A751-4EFBCC1DFBBC}.Release|Any CPU.Build.0 = Release|Any CPU
	EndGlobalSection
	GlobalSection(SolutionProperties) = preSolution
		HideSolutionNode = FALSE
	EndGlobalSection
	GlobalSection(ExtensibilityGlobals) = postSolution
		SolutionGuid = {30690A8E-0CF5-437A-8F0F-1998418D467B}
	EndGlobalSection
EndGlobal
